
Microsoft Visual Studio Solution File, Format Version 12.00
# Visual Studio Version 16
VisualStudioVersion = 16.0.30804.86
MinimumVisualStudioVersion = 10.0.40219.1
Project("{9A19103F-16F7-4668-BE54-9A1E7A4F7556}") = "NUnitTestProject1", "NUnitTestProject1\NUnitTestProject1.csproj", "{6F31791E-3168-4A40-874F-08285CBD87A7}"
EndProject
Project("{2150E333-8FDC-42A3-9474-1A3956D46DE8}") = "Solution Items", "Solution Items", "{5203C63D-0DB1-4E06-8312-C433C488D2C2}"
	ProjectSection(SolutionItems) = preProject
		run.runsettings = run.runsettings
	EndProjectSection
EndProject
Global
	GlobalSection(SolutionConfigurationPlatforms) = preSolution
		Debug|Any CPU = Debug|Any CPU
		Release|Any CPU = Release|Any CPU
	EndGlobalSection
	GlobalSection(ProjectConfigurationPlatforms) = postSolution
		{6F31791E-3168-4A40-874F-08285CBD87A7}.Debug|Any CPU.ActiveCfg = Debug|Any CPU
		{6F31791E-3168-4A40-874F-08285CBD87A7}.Debug|Any CPU.Build.0 = Debug|Any CPU
		{6F31791E-3168-4A40-874F-08285CBD87A7}.Release|Any CPU.ActiveCfg = Release|Any CPU
		{6F31791E-3168-4A40-874F-08285CBD87A7}.Release|Any CPU.Build.0 = Release|Any CPU
	EndGlobalSection
	GlobalSection(SolutionProperties) = preSolution
		HideSolutionNode = FALSE
	EndGlobalSection
	GlobalSection(ExtensibilityGlobals) = postSolution
		SolutionGuid = {A71080F8-B2DB-4F1E-B0A7-4CF4760EDED2}
	EndGlobalSection
EndGlobal
